
Microsoft Visual Studio Solution File, Format Version 12.00
# Visual Studio Version 17
VisualStudioVersion = 17.3.32901.215
MinimumVisualStudioVersion = 10.0.40219.1
Project("{FAE04EC0-301F-11D3-BF4B-00C04F79EFBC}") = "EyAuthServer.Core", "EyAuthServer.Core\EyAuthServer.Core.csproj", "{A2D4AF3A-40BD-4F88-81EB-2C06FDC50927}"
EndProject
Project("{FAE04EC0-301F-11D3-BF4B-00C04F79EFBC}") = "EyAuthServer.Data", "EyAuthServer.Data\EyAuthServer.Data.csproj", "{045E8B6D-5615-4E36-9B5D-107BFBDF7FF6}"
EndProject
Project("{FAE04EC0-301F-11D3-BF4B-00C04F79EFBC}") = "EyAuthServer.Service", "EyAuthServer.Service\EyAuthServer.Service.csproj", "{FA7E0A13-AAE4-4A53-A8B8-01AE8BC6966A}"
EndProject
Project("{FAE04EC0-301F-11D3-BF4B-00C04F79EFBC}") = "EyAuthServer.API", "EyAuthServer.API\EyAuthServer.API.csproj", "{A441BDBE-0B62-4916-B7C7-1B8941FDA1C0}"
EndProject
Project("{FAE04EC0-301F-11D3-BF4B-00C04F79EFBC}") = "EySharedLibrary", "EySharedLibrary\EySharedLibrary.csproj", "{9B3A9EF3-0A8F-4D92-8717-8E844B10FBD2}"
EndProject
Global
	GlobalSection(SolutionConfigurationPlatforms) = preSolution
		Debug|Any CPU = Debug|Any CPU
		Release|Any CPU = Release|Any CPU
	EndGlobalSection
	GlobalSection(ProjectConfigurationPlatforms) = postSolution
		{A2D4AF3A-40BD-4F88-81EB-2C06FDC50927}.Debug|Any CPU.ActiveCfg = Debug|Any CPU
		{A2D4AF3A-40BD-4F88-81EB-2C06FDC50927}.Debug|Any CPU.Build.0 = Debug|Any CPU
		{A2D4AF3A-40BD-4F88-81EB-2C06FDC50927}.Release|Any CPU.ActiveCfg = Release|Any CPU
		{A2D4AF3A-40BD-4F88-81EB-2C06FDC50927}.Release|Any CPU.Build.0 = Release|Any CPU
		{045E8B6D-5615-4E36-9B5D-107BFBDF7FF6}.Debug|Any CPU.ActiveCfg = Debug|Any CPU
		{045E8B6D-5615-4E36-9B5D-107BFBDF7FF6}.Debug|Any CPU.Build.0 = Debug|Any CPU
		{045E8B6D-5615-4E36-9B5D-107BFBDF7FF6}.Release|Any CPU.ActiveCfg = Release|Any CPU
		{045E8B6D-5615-4E36-9B5D-107BFBDF7FF6}.Release|Any CPU.Build.0 = Release|Any CPU
		{FA7E0A13-AAE4-4A53-A8B8-01AE8BC6966A}.Debug|Any CPU.ActiveCfg = Debug|Any CPU
		{FA7E0A13-AAE4-4A53-A8B8-01AE8BC6966A}.Debug|Any CPU.Build.0 = Debug|Any CPU
		{FA7E0A13-AAE4-4A53-A8B8-01AE8BC6966A}.Release|Any CPU.ActiveCfg = Release|Any CPU
		{FA7E0A13-AAE4-4A53-A8B8-01AE8BC6966A}.Release|Any CPU.Build.0 = Release|Any CPU
		{A441BDBE-0B62-4916-B7C7-1B8941FDA1C0}.Debug|Any CPU.ActiveCfg = Debug|Any CPU
		{A441BDBE-0B62-4916-B7C7-1B8941FDA1C0}.Debug|Any CPU.Build.0 = Debug|Any CPU
		{A441BDBE-0B62-4916-B7C7-1B8941FDA1C0}.Release|Any CPU.ActiveCfg = Release|Any CPU
		{A441BDBE-0B62-4916-B7C7-1B8941FDA1C0}.Release|Any CPU.Build.0 = Release|Any CPU
		{9B3A9EF3-0A8F-4D92-8717-8E844B10FBD2}.Debug|Any CPU.ActiveCfg = Debug|Any CPU
		{9B3A9EF3-0A8F-4D92-8717-8E844B10FBD2}.Debug|Any CPU.Build.0 = Debug|Any CPU
		{9B3A9EF3-0A8F-4D92-8717-8E844B10FBD2}.Release|Any CPU.ActiveCfg = Release|Any CPU
		{9B3A9EF3-0A8F-4D92-8717-8E844B10FBD2}.Release|Any CPU.Build.0 = Release|Any CPU
	EndGlobalSection
	GlobalSection(SolutionProperties) = preSolution
		HideSolutionNode = FALSE
	EndGlobalSection
	GlobalSection(ExtensibilityGlobals) = postSolution
		SolutionGuid = {41EBCCC5-C452-48AF-9B18-8D54A625AB63}
	EndGlobalSection
EndGlobal
